
Microsoft Visual Studio Solution File, Format Version 12.00
# Visual Studio 15
VisualStudioVersion = 15.0.26228.4
MinimumVisualStudioVersion = 10.0.40219.1
Project("{FAE04EC0-301F-11D3-BF4B-00C04F79EFBC}") = "KEX-CometTail", "src\KEX-CometTail\KEX-CometTail.csproj", "{0E22CB23-5CF3-4612-8D59-03E786DF47F6}"
EndProject
Project("{FAE04EC0-301F-11D3-BF4B-00C04F79EFBC}") = "KEX-Common", "src\KEX-Common\KEX-Common.csproj", "{32CACA6C-C471-417D-B2A7-B9A227187321}"
EndProject
Project("{FAE04EC0-301F-11D3-BF4B-00C04F79EFBC}") = "KEX-EmissiveFX", "src\KEX-EmissiveFX\KEX-EmissiveFX.csproj", "{35BA2830-5953-4D7A-9C7B-4FE3D5FBD55F}"
EndProject
Project("{FAE04EC0-301F-11D3-BF4B-00C04F79EFBC}") = "KEX-EVAFootprints", "src\KEX-EVAFootprints\KEX-EVAFootprints.csproj", "{93A91F1C-A57E-46B2-B5CE-41B60A292BEC}"
EndProject
Project("{FAE04EC0-301F-11D3-BF4B-00C04F79EFBC}") = "KEX-ModularNoise", "src\KEX-ModularNoise\KEX-ModularNoise.csproj", "{D81FA961-8015-492C-B77D-499F94EA84F7}"
EndProject
Project("{FAE04EC0-301F-11D3-BF4B-00C04F79EFBC}") = "KEX-ProceduralGasGiants", "src\KEX-ProceduralGasGiants\KEX-ProceduralGasGiants.csproj", "{A4B6C205-F20F-4C90-BBE9-42DA414EEC8D}"
EndProject
Project("{FAE04EC0-301F-11D3-BF4B-00C04F79EFBC}") = "KEX-RegionalPQSMods", "src\KEX-RegionalPQSMods\KEX-RegionalPQSMods.csproj", "{BB279332-FCFA-450D-9BFB-5D65EB7A246A}"
EndProject
Project("{FAE04EC0-301F-11D3-BF4B-00C04F79EFBC}") = "KEX-VertexHeightMap32", "src\KEX-VertexHeightMap32\KEX-VertexHeightMap32.csproj", "{8CDE04F9-63DE-4805-9776-635906680E5A}"
EndProject
Global
	GlobalSection(SolutionConfigurationPlatforms) = preSolution
		Debug|Any CPU = Debug|Any CPU
		Release|Any CPU = Release|Any CPU
	EndGlobalSection
	GlobalSection(ProjectConfigurationPlatforms) = postSolution
		{0E22CB23-5CF3-4612-8D59-03E786DF47F6}.Debug|Any CPU.ActiveCfg = Debug|Any CPU
		{0E22CB23-5CF3-4612-8D59-03E786DF47F6}.Debug|Any CPU.Build.0 = Debug|Any CPU
		{0E22CB23-5CF3-4612-8D59-03E786DF47F6}.Release|Any CPU.ActiveCfg = Release|Any CPU
		{0E22CB23-5CF3-4612-8D59-03E786DF47F6}.Release|Any CPU.Build.0 = Release|Any CPU
		{32CACA6C-C471-417D-B2A7-B9A227187321}.Debug|Any CPU.ActiveCfg = Debug|Any CPU
		{32CACA6C-C471-417D-B2A7-B9A227187321}.Debug|Any CPU.Build.0 = Debug|Any CPU
		{32CACA6C-C471-417D-B2A7-B9A227187321}.Release|Any CPU.ActiveCfg = Release|Any CPU
		{32CACA6C-C471-417D-B2A7-B9A227187321}.Release|Any CPU.Build.0 = Release|Any CPU
		{35BA2830-5953-4D7A-9C7B-4FE3D5FBD55F}.Debug|Any CPU.ActiveCfg = Debug|Any CPU
		{35BA2830-5953-4D7A-9C7B-4FE3D5FBD55F}.Debug|Any CPU.Build.0 = Debug|Any CPU
		{35BA2830-5953-4D7A-9C7B-4FE3D5FBD55F}.Release|Any CPU.ActiveCfg = Release|Any CPU
		{35BA2830-5953-4D7A-9C7B-4FE3D5FBD55F}.Release|Any CPU.Build.0 = Release|Any CPU
		{93A91F1C-A57E-46B2-B5CE-41B60A292BEC}.Debug|Any CPU.ActiveCfg = Debug|Any CPU
		{93A91F1C-A57E-46B2-B5CE-41B60A292BEC}.Debug|Any CPU.Build.0 = Debug|Any CPU
		{93A91F1C-A57E-46B2-B5CE-41B60A292BEC}.Release|Any CPU.ActiveCfg = Release|Any CPU
		{93A91F1C-A57E-46B2-B5CE-41B60A292BEC}.Release|Any CPU.Build.0 = Release|Any CPU
		{D81FA961-8015-492C-B77D-499F94EA84F7}.Debug|Any CPU.ActiveCfg = Debug|Any CPU
		{D81FA961-8015-492C-B77D-499F94EA84F7}.Debug|Any CPU.Build.0 = Debug|Any CPU
		{D81FA961-8015-492C-B77D-499F94EA84F7}.Release|Any CPU.ActiveCfg = Release|Any CPU
		{D81FA961-8015-492C-B77D-499F94EA84F7}.Release|Any CPU.Build.0 = Release|Any CPU
		{A4B6C205-F20F-4C90-BBE9-42DA414EEC8D}.Debug|Any CPU.ActiveCfg = Debug|Any CPU
		{A4B6C205-F20F-4C90-BBE9-42DA414EEC8D}.Debug|Any CPU.Build.0 = Debug|Any CPU
		{A4B6C205-F20F-4C90-BBE9-42DA414EEC8D}.Release|Any CPU.ActiveCfg = Release|Any CPU
		{A4B6C205-F20F-4C90-BBE9-42DA414EEC8D}.Release|Any CPU.Build.0 = Release|Any CPU
		{BB279332-FCFA-450D-9BFB-5D65EB7A246A}.Debug|Any CPU.ActiveCfg = Debug|Any CPU
		{BB279332-FCFA-450D-9BFB-5D65EB7A246A}.Debug|Any CPU.Build.0 = Debug|Any CPU
		{BB279332-FCFA-450D-9BFB-5D65EB7A246A}.Release|Any CPU.ActiveCfg = Release|Any CPU
		{BB279332-FCFA-450D-9BFB-5D65EB7A246A}.Release|Any CPU.Build.0 = Release|Any CPU
		{8CDE04F9-63DE-4805-9776-635906680E5A}.Debug|Any CPU.ActiveCfg = Debug|Any CPU
		{8CDE04F9-63DE-4805-9776-635906680E5A}.Debug|Any CPU.Build.0 = Debug|Any CPU
		{8CDE04F9-63DE-4805-9776-635906680E5A}.Release|Any CPU.ActiveCfg = Release|Any CPU
		{8CDE04F9-63DE-4805-9776-635906680E5A}.Release|Any CPU.Build.0 = Release|Any CPU
	EndGlobalSection
	GlobalSection(SolutionProperties) = preSolution
		HideSolutionNode = FALSE
	EndGlobalSection
EndGlobal
