
Microsoft Visual Studio Solution File, Format Version 12.00
# Visual Studio Version 16
VisualStudioVersion = 16.0.30517.126
MinimumVisualStudioVersion = 10.0.40219.1
Project("{FAE04EC0-301F-11D3-BF4B-00C04F79EFBC}") = "KEX-CometTail", "src\KEX-CometTail\KEX-CometTail.csproj", "{0E22CB23-5CF3-4612-8D59-03E786DF47F6}"
EndProject
Project("{FAE04EC0-301F-11D3-BF4B-00C04F79EFBC}") = "KEX-Common", "src\KEX-Common\KEX-Common.csproj", "{32CACA6C-C471-417D-B2A7-B9A227187321}"
EndProject
Project("{FAE04EC0-301F-11D3-BF4B-00C04F79EFBC}") = "KEX-EVAFootprints", "src\KEX-EVAFootprints\KEX-EVAFootprints.csproj", "{93A91F1C-A57E-46B2-B5CE-41B60A292BEC}"
EndProject
Project("{FAE04EC0-301F-11D3-BF4B-00C04F79EFBC}") = "KEX-ModularNoise", "src\KEX-ModularNoise\KEX-ModularNoise.csproj", "{D81FA961-8015-492C-B77D-499F94EA84F7}"
EndProject
Project("{FAE04EC0-301F-11D3-BF4B-00C04F79EFBC}") = "KEX-RegionalPQSMods", "src\KEX-RegionalPQSMods\KEX-RegionalPQSMods.csproj", "{BB279332-FCFA-450D-9BFB-5D65EB7A246A}"
EndProject
Project("{FAE04EC0-301F-11D3-BF4B-00C04F79EFBC}") = "KEX-VertexHeightMap16", "src\KEX-VertexHeightMap16\plugin\KEX-VertexHeightMap16.csproj", "{8CDE04F9-63DE-4805-9776-635906680E5A}"
EndProject
Project("{FAE04EC0-301F-11D3-BF4B-00C04F79EFBC}") = "KEX-VertexHeightDeformity", "src\KEX-VertexHeightDeformity\KEX-VertexHeightDeformity.csproj", "{DE9E1437-4BDC-40A0-8E88-B230BCDCD74D}"
EndProject
Project("{FAE04EC0-301F-11D3-BF4B-00C04F79EFBC}") = "KEX-Wormholes", "src\KEX-Wormholes\KEX-Wormholes.csproj", "{B82FCEE2-2771-4956-8694-D711019A3D2E}"
EndProject
Project("{FAE04EC0-301F-11D3-BF4B-00C04F79EFBC}") = "KEX-HeightmapConverter", "src\KEX-VertexHeightMap16\converter\KEX-HeightmapConverter.csproj", "{9696C1F4-EF92-4F8D-A22F-01C375C2D2E4}"
EndProject
Global
	GlobalSection(SolutionConfigurationPlatforms) = preSolution
		Debug|Any CPU = Debug|Any CPU
		Release|Any CPU = Release|Any CPU
	EndGlobalSection
	GlobalSection(ProjectConfigurationPlatforms) = postSolution
		{0E22CB23-5CF3-4612-8D59-03E786DF47F6}.Debug|Any CPU.ActiveCfg = Debug|Any CPU
		{0E22CB23-5CF3-4612-8D59-03E786DF47F6}.Debug|Any CPU.Build.0 = Debug|Any CPU
		{0E22CB23-5CF3-4612-8D59-03E786DF47F6}.Release|Any CPU.ActiveCfg = Release|Any CPU
		{0E22CB23-5CF3-4612-8D59-03E786DF47F6}.Release|Any CPU.Build.0 = Release|Any CPU
		{32CACA6C-C471-417D-B2A7-B9A227187321}.Debug|Any CPU.ActiveCfg = Debug|Any CPU
		{32CACA6C-C471-417D-B2A7-B9A227187321}.Debug|Any CPU.Build.0 = Debug|Any CPU
		{32CACA6C-C471-417D-B2A7-B9A227187321}.Release|Any CPU.ActiveCfg = Release|Any CPU
		{32CACA6C-C471-417D-B2A7-B9A227187321}.Release|Any CPU.Build.0 = Release|Any CPU
		{93A91F1C-A57E-46B2-B5CE-41B60A292BEC}.Debug|Any CPU.ActiveCfg = Debug|Any CPU
		{93A91F1C-A57E-46B2-B5CE-41B60A292BEC}.Debug|Any CPU.Build.0 = Debug|Any CPU
		{93A91F1C-A57E-46B2-B5CE-41B60A292BEC}.Release|Any CPU.ActiveCfg = Release|Any CPU
		{93A91F1C-A57E-46B2-B5CE-41B60A292BEC}.Release|Any CPU.Build.0 = Release|Any CPU
		{D81FA961-8015-492C-B77D-499F94EA84F7}.Debug|Any CPU.ActiveCfg = Debug|Any CPU
		{D81FA961-8015-492C-B77D-499F94EA84F7}.Debug|Any CPU.Build.0 = Debug|Any CPU
		{D81FA961-8015-492C-B77D-499F94EA84F7}.Release|Any CPU.ActiveCfg = Release|Any CPU
		{D81FA961-8015-492C-B77D-499F94EA84F7}.Release|Any CPU.Build.0 = Release|Any CPU
		{BB279332-FCFA-450D-9BFB-5D65EB7A246A}.Debug|Any CPU.ActiveCfg = Debug|Any CPU
		{BB279332-FCFA-450D-9BFB-5D65EB7A246A}.Debug|Any CPU.Build.0 = Debug|Any CPU
		{BB279332-FCFA-450D-9BFB-5D65EB7A246A}.Release|Any CPU.ActiveCfg = Release|Any CPU
		{BB279332-FCFA-450D-9BFB-5D65EB7A246A}.Release|Any CPU.Build.0 = Release|Any CPU
		{8CDE04F9-63DE-4805-9776-635906680E5A}.Debug|Any CPU.ActiveCfg = Debug|Any CPU
		{8CDE04F9-63DE-4805-9776-635906680E5A}.Debug|Any CPU.Build.0 = Debug|Any CPU
		{8CDE04F9-63DE-4805-9776-635906680E5A}.Release|Any CPU.ActiveCfg = Release|Any CPU
		{8CDE04F9-63DE-4805-9776-635906680E5A}.Release|Any CPU.Build.0 = Release|Any CPU
		{DE9E1437-4BDC-40A0-8E88-B230BCDCD74D}.Debug|Any CPU.ActiveCfg = Debug|Any CPU
		{DE9E1437-4BDC-40A0-8E88-B230BCDCD74D}.Debug|Any CPU.Build.0 = Debug|Any CPU
		{DE9E1437-4BDC-40A0-8E88-B230BCDCD74D}.Release|Any CPU.ActiveCfg = Release|Any CPU
		{DE9E1437-4BDC-40A0-8E88-B230BCDCD74D}.Release|Any CPU.Build.0 = Release|Any CPU
		{B82FCEE2-2771-4956-8694-D711019A3D2E}.Debug|Any CPU.ActiveCfg = Debug|Any CPU
		{B82FCEE2-2771-4956-8694-D711019A3D2E}.Debug|Any CPU.Build.0 = Debug|Any CPU
		{B82FCEE2-2771-4956-8694-D711019A3D2E}.Release|Any CPU.ActiveCfg = Release|Any CPU
		{B82FCEE2-2771-4956-8694-D711019A3D2E}.Release|Any CPU.Build.0 = Release|Any CPU
		{9696C1F4-EF92-4F8D-A22F-01C375C2D2E4}.Debug|Any CPU.ActiveCfg = Debug|Any CPU
		{9696C1F4-EF92-4F8D-A22F-01C375C2D2E4}.Debug|Any CPU.Build.0 = Debug|Any CPU
		{9696C1F4-EF92-4F8D-A22F-01C375C2D2E4}.Release|Any CPU.ActiveCfg = Release|Any CPU
		{9696C1F4-EF92-4F8D-A22F-01C375C2D2E4}.Release|Any CPU.Build.0 = Release|Any CPU
	EndGlobalSection
	GlobalSection(SolutionProperties) = preSolution
		HideSolutionNode = FALSE
	EndGlobalSection
	GlobalSection(ExtensibilityGlobals) = postSolution
		SolutionGuid = {3B48FB4A-5F2F-43A3-8645-6BC703CB169F}
	EndGlobalSection
EndGlobal
